
Microsoft Visual Studio Solution File, Format Version 12.00
# Visual Studio Version 17
VisualStudioVersion = 17.0.31903.59
MinimumVisualStudioVersion = 10.0.40219.1
Project("{FAE04EC0-301F-11D3-BF4B-00C04F79EFBC}") = "Blog4uSlf.Application", "Blog4uSlf.Application\Blog4uSlf.Application.csproj", "{71F95C1D-033A-4F3B-8EA9-6F3F2C5DEE79}"
EndProject
Project("{FAE04EC0-301F-11D3-BF4B-00C04F79EFBC}") = "Blog4uSlf.Domain", "Blog4uSlf.Domain\Blog4uSlf.Domain.csproj", "{2FD877C6-6490-4C8B-BB98-8A8F3B9F230F}"
EndProject
Project("{FAE04EC0-301F-11D3-BF4B-00C04F79EFBC}") = "Blog4uSlf.Infrastructure", "Blog4uSlf.Infrastructure\Blog4uSlf.Infrastructure.csproj", "{4E64F944-36CD-4DE6-87A1-468D73318F36}"
EndProject
Project("{FAE04EC0-301F-11D3-BF4B-00C04F79EFBC}") = "Blog4uSlf.Web", "Blog4uSlf.Web\Blog4uSlf.Web.csproj", "{61828F4B-6367-458F-A2BD-FBECB913A5C6}"
EndProject
Project("{FAE04EC0-301F-11D3-BF4B-00C04F79EFBC}") = "Blog4uSlf.Tests", "Blog4uSlf.Tests\Blog4uSlf.Tests.csproj", "{E1FABDAE-77C9-4C9B-93F9-3DE0F8EF89DD}"
EndProject
Global
	GlobalSection(SolutionConfigurationPlatforms) = preSolution
		Debug|Any CPU = Debug|Any CPU
		Debug|x64 = Debug|x64
		Debug|x86 = Debug|x86
		Release|Any CPU = Release|Any CPU
		Release|x64 = Release|x64
		Release|x86 = Release|x86
	EndGlobalSection
	GlobalSection(ProjectConfigurationPlatforms) = postSolution
		{71F95C1D-033A-4F3B-8EA9-6F3F2C5DEE79}.Debug|Any CPU.ActiveCfg = Debug|Any CPU
		{71F95C1D-033A-4F3B-8EA9-6F3F2C5DEE79}.Debug|Any CPU.Build.0 = Debug|Any CPU
		{71F95C1D-033A-4F3B-8EA9-6F3F2C5DEE79}.Debug|x64.ActiveCfg = Debug|Any CPU
		{71F95C1D-033A-4F3B-8EA9-6F3F2C5DEE79}.Debug|x64.Build.0 = Debug|Any CPU
		{71F95C1D-033A-4F3B-8EA9-6F3F2C5DEE79}.Debug|x86.ActiveCfg = Debug|Any CPU
		{71F95C1D-033A-4F3B-8EA9-6F3F2C5DEE79}.Debug|x86.Build.0 = Debug|Any CPU
		{71F95C1D-033A-4F3B-8EA9-6F3F2C5DEE79}.Release|Any CPU.ActiveCfg = Release|Any CPU
		{71F95C1D-033A-4F3B-8EA9-6F3F2C5DEE79}.Release|Any CPU.Build.0 = Release|Any CPU
		{71F95C1D-033A-4F3B-8EA9-6F3F2C5DEE79}.Release|x64.ActiveCfg = Release|Any CPU
		{71F95C1D-033A-4F3B-8EA9-6F3F2C5DEE79}.Release|x64.Build.0 = Release|Any CPU
		{71F95C1D-033A-4F3B-8EA9-6F3F2C5DEE79}.Release|x86.ActiveCfg = Release|Any CPU
		{71F95C1D-033A-4F3B-8EA9-6F3F2C5DEE79}.Release|x86.Build.0 = Release|Any CPU
		{2FD877C6-6490-4C8B-BB98-8A8F3B9F230F}.Debug|Any CPU.ActiveCfg = Debug|Any CPU
		{2FD877C6-6490-4C8B-BB98-8A8F3B9F230F}.Debug|Any CPU.Build.0 = Debug|Any CPU
		{2FD877C6-6490-4C8B-BB98-8A8F3B9F230F}.Debug|x64.ActiveCfg = Debug|Any CPU
		{2FD877C6-6490-4C8B-BB98-8A8F3B9F230F}.Debug|x64.Build.0 = Debug|Any CPU
		{2FD877C6-6490-4C8B-BB98-8A8F3B9F230F}.Debug|x86.ActiveCfg = Debug|Any CPU
		{2FD877C6-6490-4C8B-BB98-8A8F3B9F230F}.Debug|x86.Build.0 = Debug|Any CPU
		{2FD877C6-6490-4C8B-BB98-8A8F3B9F230F}.Release|Any CPU.ActiveCfg = Release|Any CPU
		{2FD877C6-6490-4C8B-BB98-8A8F3B9F230F}.Release|Any CPU.Build.0 = Release|Any CPU
		{2FD877C6-6490-4C8B-BB98-8A8F3B9F230F}.Release|x64.ActiveCfg = Release|Any CPU
		{2FD877C6-6490-4C8B-BB98-8A8F3B9F230F}.Release|x64.Build.0 = Release|Any CPU
		{2FD877C6-6490-4C8B-BB98-8A8F3B9F230F}.Release|x86.ActiveCfg = Release|Any CPU
		{2FD877C6-6490-4C8B-BB98-8A8F3B9F230F}.Release|x86.Build.0 = Release|Any CPU
		{4E64F944-36CD-4DE6-87A1-468D73318F36}.Debug|Any CPU.ActiveCfg = Debug|Any CPU
		{4E64F944-36CD-4DE6-87A1-468D73318F36}.Debug|Any CPU.Build.0 = Debug|Any CPU
		{4E64F944-36CD-4DE6-87A1-468D73318F36}.Debug|x64.ActiveCfg = Debug|Any CPU
		{4E64F944-36CD-4DE6-87A1-468D73318F36}.Debug|x64.Build.0 = Debug|Any CPU
		{4E64F944-36CD-4DE6-87A1-468D73318F36}.Debug|x86.ActiveCfg = Debug|Any CPU
		{4E64F944-36CD-4DE6-87A1-468D73318F36}.Debug|x86.Build.0 = Debug|Any CPU
		{4E64F944-36CD-4DE6-87A1-468D73318F36}.Release|Any CPU.ActiveCfg = Release|Any CPU
		{4E64F944-36CD-4DE6-87A1-468D73318F36}.Release|Any CPU.Build.0 = Release|Any CPU
		{4E64F944-36CD-4DE6-87A1-468D73318F36}.Release|x64.ActiveCfg = Release|Any CPU
		{4E64F944-36CD-4DE6-87A1-468D73318F36}.Release|x64.Build.0 = Release|Any CPU
		{4E64F944-36CD-4DE6-87A1-468D73318F36}.Release|x86.ActiveCfg = Release|Any CPU
		{4E64F944-36CD-4DE6-87A1-468D73318F36}.Release|x86.Build.0 = Release|Any CPU
		{61828F4B-6367-458F-A2BD-FBECB913A5C6}.Debug|Any CPU.ActiveCfg = Debug|Any CPU
		{61828F4B-6367-458F-A2BD-FBECB913A5C6}.Debug|Any CPU.Build.0 = Debug|Any CPU
		{61828F4B-6367-458F-A2BD-FBECB913A5C6}.Debug|x64.ActiveCfg = Debug|Any CPU
		{61828F4B-6367-458F-A2BD-FBECB913A5C6}.Debug|x64.Build.0 = Debug|Any CPU
		{61828F4B-6367-458F-A2BD-FBECB913A5C6}.Debug|x86.ActiveCfg = Debug|Any CPU
		{61828F4B-6367-458F-A2BD-FBECB913A5C6}.Debug|x86.Build.0 = Debug|Any CPU
		{61828F4B-6367-458F-A2BD-FBECB913A5C6}.Release|Any CPU.ActiveCfg = Release|Any CPU
		{61828F4B-6367-458F-A2BD-FBECB913A5C6}.Release|Any CPU.Build.0 = Release|Any CPU
		{61828F4B-6367-458F-A2BD-FBECB913A5C6}.Release|x64.ActiveCfg = Release|Any CPU
		{61828F4B-6367-458F-A2BD-FBECB913A5C6}.Release|x64.Build.0 = Release|Any CPU
		{61828F4B-6367-458F-A2BD-FBECB913A5C6}.Release|x86.ActiveCfg = Release|Any CPU
		{61828F4B-6367-458F-A2BD-FBECB913A5C6}.Release|x86.Build.0 = Release|Any CPU
		{E1FABDAE-77C9-4C9B-93F9-3DE0F8EF89DD}.Debug|Any CPU.ActiveCfg = Debug|Any CPU
		{E1FABDAE-77C9-4C9B-93F9-3DE0F8EF89DD}.Debug|Any CPU.Build.0 = Debug|Any CPU
		{E1FABDAE-77C9-4C9B-93F9-3DE0F8EF89DD}.Debug|x64.ActiveCfg = Debug|Any CPU
		{E1FABDAE-77C9-4C9B-93F9-3DE0F8EF89DD}.Debug|x64.Build.0 = Debug|Any CPU
		{E1FABDAE-77C9-4C9B-93F9-3DE0F8EF89DD}.Debug|x86.ActiveCfg = Debug|Any CPU
		{E1FABDAE-77C9-4C9B-93F9-3DE0F8EF89DD}.Debug|x86.Build.0 = Debug|Any CPU
		{E1FABDAE-77C9-4C9B-93F9-3DE0F8EF89DD}.Release|Any CPU.ActiveCfg = Release|Any CPU
		{E1FABDAE-77C9-4C9B-93F9-3DE0F8EF89DD}.Release|Any CPU.Build.0 = Release|Any CPU
		{E1FABDAE-77C9-4C9B-93F9-3DE0F8EF89DD}.Release|x64.ActiveCfg = Release|Any CPU
		{E1FABDAE-77C9-4C9B-93F9-3DE0F8EF89DD}.Release|x64.Build.0 = Release|Any CPU
		{E1FABDAE-77C9-4C9B-93F9-3DE0F8EF89DD}.Release|x86.ActiveCfg = Release|Any CPU
		{E1FABDAE-77C9-4C9B-93F9-3DE0F8EF89DD}.Release|x86.Build.0 = Release|Any CPU
	EndGlobalSection
	GlobalSection(SolutionProperties) = preSolution
		HideSolutionNode = FALSE
	EndGlobalSection
EndGlobal
